{
  "name": "assets",
  "lockfileVersion": 3,
  "requires": true,
  "packages": {
    "": {
      "dependencies": {
        "hls.js": "^1.5.15",
        "vidstack": "^1.12.11"
      }
    },
    "node_modules/@floating-ui/core": {
      "version": "1.6.8",
      "resolved": "https://registry.npmjs.org/@floating-ui/core/-/core-1.6.8.tgz",
      "integrity": "sha512-7XJ9cPU+yI2QeLS+FCSlqNFZJq8arvswefkZrYI1yQBbftw6FyrZOxYSh+9S7z7TpeWlRt9zJ5IhM1WIL334jA==",
      "dependencies": {
        "@floating-ui/utils": "^0.2.8"
      }
    },
    "node_modules/@floating-ui/dom": {
      "version": "1.6.11",
      "resolved": "https://registry.npmjs.org/@floating-ui/dom/-/dom-1.6.11.tgz",
      "integrity": "sha512-qkMCxSR24v2vGkhYDo/UzxfJN3D4syqSjyuTFz6C7XcpU1pASPRieNI0Kj5VP3/503mOfYiGY891ugBX1GlABQ==",
      "dependencies": {
        "@floating-ui/core": "^1.6.0",
        "@floating-ui/utils": "^0.2.8"
      }
    },
    "node_modules/@floating-ui/utils": {
      "version": "0.2.8",
      "resolved": "https://registry.npmjs.org/@floating-ui/utils/-/utils-0.2.8.tgz",
      "integrity": "sha512-kym7SodPp8/wloecOpcmSnWJsK7M0E5Wg8UcFA+uO4B9s5d0ywXOEro/8HM9x0rW+TljRzul/14UYz3TleT3ig=="
    },
    "node_modules/@types/trusted-types": {
      "version": "2.0.7",
      "resolved": "https://registry.npmjs.org/@types/trusted-types/-/trusted-types-2.0.7.tgz",
      "integrity": "sha512-ScaPdn1dQczgbl0QFTeTOmVHFULt394XJgOQNoyVhZ6r2vLnMLJfBPd53SB52T/3G36VI1/g2MZaX0cwDuXsfw=="
    },
    "node_modules/acorn": {
      "version": "8.12.1",
      "resolved": "https://registry.npmjs.org/acorn/-/acorn-8.12.1.tgz",
      "integrity": "sha512-tcpGyI9zbizT9JbV6oYE477V6mTlXvvi0T0G3SNIYE2apm/G5huBa1+K89VGeovbg+jycCrfhl3ADxErOuO6Jg==",
      "bin": {
        "acorn": "bin/acorn"
      },
      "engines": {
        "node": ">=0.4.0"
      }
    },
    "node_modules/hls.js": {
      "version": "1.5.15",
      "resolved": "https://registry.npmjs.org/hls.js/-/hls.js-1.5.15.tgz",
      "integrity": "sha512-6cD7xN6bycBHaXz2WyPIaHn/iXFizE5au2yvY5q9aC4wfihxAr16C9fUy4nxh2a3wOw0fEgLRa9dN6wsYjlpNg=="
    },
    "node_modules/lit-html": {
      "version": "2.8.0",
      "resolved": "https://registry.npmjs.org/lit-html/-/lit-html-2.8.0.tgz",
      "integrity": "sha512-o9t+MQM3P4y7M7yNzqAyjp7z+mQGa4NS4CxiyLqFPyFWyc4O+nodLrkrxSaCTrla6M5YOLaT3RpbbqjszB5g3Q==",
      "dependencies": {
        "@types/trusted-types": "^2.0.2"
      }
    },
    "node_modules/media-captions": {
      "version": "1.0.4",
      "resolved": "https://registry.npmjs.org/media-captions/-/media-captions-1.0.4.tgz",
      "integrity": "sha512-cyDNmuZvvO4H27rcBq2Eudxo9IZRDCOX/I7VEyqbxsEiD2Ei7UYUhG/Sc5fvMZjmathgz3fEK7iAKqvpY+Ux1w==",
      "engines": {
        "node": ">=16"
      }
    },
    "node_modules/unplugin": {
      "version": "1.14.1",
      "resolved": "https://registry.npmjs.org/unplugin/-/unplugin-1.14.1.tgz",
      "integrity": "sha512-lBlHbfSFPToDYp9pjXlUEFVxYLaue9f9T1HC+4OHlmj+HnMDdz9oZY+erXfoCe/5V/7gKUSY2jpXPb9S7f0f/w==",
      "dependencies": {
        "acorn": "^8.12.1",
        "webpack-virtual-modules": "^0.6.2"
      },
      "engines": {
        "node": ">=14.0.0"
      },
      "peerDependencies": {
        "webpack-sources": "^3"
      },
      "peerDependenciesMeta": {
        "webpack-sources": {
          "optional": true
        }
      }
    },
    "node_modules/vidstack": {
      "version": "1.12.11",
      "resolved": "https://registry.npmjs.org/vidstack/-/vidstack-1.12.11.tgz",
      "integrity": "sha512-SH9ppMV6Y4nrYTH0xyV9bPe37yK14CalaB9NUKwd54wyEoIET1KnfRDhj2hYQRwBJVlvz3Qw8BgdyLyppKefEQ==",
      "dependencies": {
        "@floating-ui/dom": "^1.6.10",
        "lit-html": "^2.8.0",
        "media-captions": "^1.0.4",
        "unplugin": "^1.12.0"
      },
      "engines": {
        "node": ">=18"
      }
    },
    "node_modules/webpack-virtual-modules": {
      "version": "0.6.2",
      "resolved": "https://registry.npmjs.org/webpack-virtual-modules/-/webpack-virtual-modules-0.6.2.tgz",
      "integrity": "sha512-66/V2i5hQanC51vBQKPH4aI8NMAcBW59FVBs+rC7eGHupMyfn34q7rZIE+ETlJ+XTevqfUhVVBgSUNSW2flEUQ=="
    }
  }
}
