{
  "lockfileVersion": 1,
  "workspaces": {
    "": {
      "name": "presentation",
      "dependencies": {
        "reveal.js": "^5.2.1",
      },
    },
  },
  "packages": {
    "reveal.js": ["reveal.js@5.2.1", "", {}, "sha512-r7//6mIM5p34hFiDMvYfXgyjXqGRta+/psd9YtytsgRlrpRzFv4RbH76TXd2qD+7ZPZEbpBDhdRhJaFgfQ7zNQ=="],
  }
}
